{
  "name": "request-options-gen",
  "version": "0.0.1",
  "lockfileVersion": 1,
  "requires": true,
  "dependencies": {
    "escape-string-regexp": {
      "version": "1.0.5",
      "resolved": "https://registry.npmjs.org/escape-string-regexp/-/escape-string-regexp-1.0.5.tgz",
      "integrity": "sha1-G2HAViGQqN/2rjuyzwIAyhMLhtQ="
    },
    "files-path": {
      "version": "1.1.0",
      "resolved": "https://registry.npmjs.org/files-path/-/files-path-1.1.0.tgz",
      "integrity": "sha512-tCUxK49NKs2+/PXSbP3Z90R3hrkCj1jCba6UlKIh8tz1g2uZUcGxaf7JPCiqaYpORphidhtHZQNxOhw8VP4MFw==",
      "requires": {
        "escape-string-regexp": "1.0.5",
        "merge": "1.2.0"
      }
    },
    "merge": {
      "version": "1.2.0",
      "resolved": "https://registry.npmjs.org/merge/-/merge-1.2.0.tgz",
      "integrity": "sha1-dTHjnUlJwoGma4xabgJl6LBYlNo="
    }
  }
}
